
Microsoft Visual Studio Solution File, Format Version 12.00
# Visual Studio Version 16
VisualStudioVersion = 16.0.31205.134
MinimumVisualStudioVersion = 10.0.40219.1
Project("{FAE04EC0-301F-11D3-BF4B-00C04F79EFBC}") = "StockExchangeDataManager", "StockExchangeDataManager\StockExchangeDataManager.csproj", "{EB7B1A0E-409C-40FB-8A28-A4DA64A0F1C6}"
EndProject
Project("{00D1A9C2-B5F0-4AF3-8072-F6C62B433612}") = "StockExchangeData", "StockExchangeData\StockExchangeData.sqlproj", "{77EF8530-EF5A-4549-A409-B126A13219E3}"
EndProject
Project("{FAE04EC0-301F-11D3-BF4B-00C04F79EFBC}") = "StockExchangeDesktopUI", "StockExchangeUserInterface\StockExchangeDesktopUI.csproj", "{3C07A111-D7BD-4EFB-9EA8-BA4D4C63B5FD}"
EndProject
Project("{9A19103F-16F7-4668-BE54-9A1E7A4F7556}") = "StockExchangeDataManager.Library", "StockExchangeDataManager.Library\StockExchangeDataManager.Library.csproj", "{1DBC6ADA-A028-42BA-9045-999B8FCD9249}"
EndProject
Project("{9A19103F-16F7-4668-BE54-9A1E7A4F7556}") = "StockExchangeDesktopUI.Library", "StockExchangeDesktopUI.Library\StockExchangeDesktopUI.Library.csproj", "{F609E2A4-7101-4852-99FD-38C2EB6299D1}"
EndProject
Project("{FAE04EC0-301F-11D3-BF4B-00C04F79EFBC}") = "StockExhangeApi", "StockExhangeApi\StockExhangeApi.csproj", "{ECEB4DB7-70BC-41FF-B93F-30A121F19DC6}"
EndProject
Global
	GlobalSection(SolutionConfigurationPlatforms) = preSolution
		Debug|Any CPU = Debug|Any CPU
		Release|Any CPU = Release|Any CPU
	EndGlobalSection
	GlobalSection(ProjectConfigurationPlatforms) = postSolution
		{EB7B1A0E-409C-40FB-8A28-A4DA64A0F1C6}.Debug|Any CPU.ActiveCfg = Debug|Any CPU
		{EB7B1A0E-409C-40FB-8A28-A4DA64A0F1C6}.Debug|Any CPU.Build.0 = Debug|Any CPU
		{EB7B1A0E-409C-40FB-8A28-A4DA64A0F1C6}.Release|Any CPU.ActiveCfg = Release|Any CPU
		{EB7B1A0E-409C-40FB-8A28-A4DA64A0F1C6}.Release|Any CPU.Build.0 = Release|Any CPU
		{77EF8530-EF5A-4549-A409-B126A13219E3}.Debug|Any CPU.ActiveCfg = Debug|Any CPU
		{77EF8530-EF5A-4549-A409-B126A13219E3}.Debug|Any CPU.Build.0 = Debug|Any CPU
		{77EF8530-EF5A-4549-A409-B126A13219E3}.Debug|Any CPU.Deploy.0 = Debug|Any CPU
		{77EF8530-EF5A-4549-A409-B126A13219E3}.Release|Any CPU.ActiveCfg = Release|Any CPU
		{77EF8530-EF5A-4549-A409-B126A13219E3}.Release|Any CPU.Build.0 = Release|Any CPU
		{77EF8530-EF5A-4549-A409-B126A13219E3}.Release|Any CPU.Deploy.0 = Release|Any CPU
		{3C07A111-D7BD-4EFB-9EA8-BA4D4C63B5FD}.Debug|Any CPU.ActiveCfg = Debug|Any CPU
		{3C07A111-D7BD-4EFB-9EA8-BA4D4C63B5FD}.Debug|Any CPU.Build.0 = Debug|Any CPU
		{3C07A111-D7BD-4EFB-9EA8-BA4D4C63B5FD}.Release|Any CPU.ActiveCfg = Release|Any CPU
		{3C07A111-D7BD-4EFB-9EA8-BA4D4C63B5FD}.Release|Any CPU.Build.0 = Release|Any CPU
		{1DBC6ADA-A028-42BA-9045-999B8FCD9249}.Debug|Any CPU.ActiveCfg = Debug|Any CPU
		{1DBC6ADA-A028-42BA-9045-999B8FCD9249}.Debug|Any CPU.Build.0 = Debug|Any CPU
		{1DBC6ADA-A028-42BA-9045-999B8FCD9249}.Release|Any CPU.ActiveCfg = Release|Any CPU
		{1DBC6ADA-A028-42BA-9045-999B8FCD9249}.Release|Any CPU.Build.0 = Release|Any CPU
		{F609E2A4-7101-4852-99FD-38C2EB6299D1}.Debug|Any CPU.ActiveCfg = Debug|Any CPU
		{F609E2A4-7101-4852-99FD-38C2EB6299D1}.Debug|Any CPU.Build.0 = Debug|Any CPU
		{F609E2A4-7101-4852-99FD-38C2EB6299D1}.Release|Any CPU.ActiveCfg = Release|Any CPU
		{F609E2A4-7101-4852-99FD-38C2EB6299D1}.Release|Any CPU.Build.0 = Release|Any CPU
		{ECEB4DB7-70BC-41FF-B93F-30A121F19DC6}.Debug|Any CPU.ActiveCfg = Debug|Any CPU
		{ECEB4DB7-70BC-41FF-B93F-30A121F19DC6}.Debug|Any CPU.Build.0 = Debug|Any CPU
		{ECEB4DB7-70BC-41FF-B93F-30A121F19DC6}.Release|Any CPU.ActiveCfg = Release|Any CPU
		{ECEB4DB7-70BC-41FF-B93F-30A121F19DC6}.Release|Any CPU.Build.0 = Release|Any CPU
	EndGlobalSection
	GlobalSection(SolutionProperties) = preSolution
		HideSolutionNode = FALSE
	EndGlobalSection
	GlobalSection(ExtensibilityGlobals) = postSolution
		SolutionGuid = {08859572-5496-489E-81AC-DC3C55085192}
	EndGlobalSection
EndGlobal
